// !$*UTF8*$!
{
	archiveVersion = 1;
	classes = {
	};
	objectVersion = 46;
	objects = {

/* Begin PBXBuildFile section */
		9ED9D3E11A76426E0000C38C /* main.cpp in Sources */ = {isa = PBXBuildFile; fileRef = 9ED9D3E01A76426E0000C38C /* main.cpp */; };
		9ED9D3E81A7642850000C38C /* OpenGL.framework in Frameworks */ = {isa = PBXBuildFile; fileRef = 9ED9D3E71A7642850000C38C /* OpenGL.framework */; };
		9ED9D3EA1A76428B0000C38C /* GLUT.framework in Frameworks */ = {isa = PBXBuildFile; fileRef = 9ED9D3E91A76428B0000C38C /* GLUT.framework */; };
/* End PBXBuildFile section */

/* Begin PBXCopyFilesBuildPhase section */
		9ED9D3DB1A76426E0000C38C /* CopyFiles */ = {
			isa = PBXCopyFilesBuildPhase;
			buildActionMask = 2147483647;
			dstPath = /usr/share/man/man1/;
			dstSubfolderSpec = 0;
			files = (
			);
			runOnlyForDeploymentPostprocessing = 1;
		};
/* End PBXCopyFilesBuildPhase section */

/* Begin PBXFileReference section */
		9ED9D3DD1A76426E0000C38C /* GLUTLPOLYGON */ = {isa = PBXFileReference; explicitFileType = "compiled.mach-o.executable"; includeInIndex = 0; path = GLUTLPOLYGON; sourceTree = BUILT_PRODUCTS_DIR; };
		9ED9D3E01A76426E0000C38C /* main.cpp */ = {isa = PBXFileReference; lastKnownFileType = sourcecode.cpp.cpp; path = main.cpp; sourceTree = "<group>"; };
		9ED9D3E71A7642850000C38C /* OpenGL.framework */ = {isa = PBXFileReference; lastKnownFileType = wrapper.framework; name = OpenGL.framework; path = System/Library/Frameworks/OpenGL.framework; sourceTree = SDKROOT; };
		9ED9D3E91A76428B0000C38C /* GLUT.framework */ = {isa = PBXFileReference; lastKnownFileType = wrapper.framework; name = GLUT.framework; path = System/Library/Frameworks/GLUT.framework; sourceTree = SDKROOT; };
/* End PBXFileReference section */

/* Begin PBXFrameworksBuildPhase section */
		9ED9D3DA1A76426E0000C38C /* Frameworks */ = {
			isa = PBXFrameworksBuildPhase;
			buildActionMask = 2147483647;
			files = (
				9ED9D3EA1A76428B0000C38C /* GLUT.framework in Frameworks */,
				9ED9D3E81A7642850000C38C /* OpenGL.framework in Frameworks */,
			);
			runOnlyForDeploymentPostprocessing = 0;
		};
/* End PBXFrameworksBuildPhase section */

/* Begin PBXGroup section */
		9ED9D3D41A76426E0000C38C = {
			isa = PBXGroup;
			children = (
				9ED9D3E91A76428B0000C38C /* GLUT.framework */,
				9ED9D3E71A7642850000C38C /* OpenGL.framework */,
				9ED9D3DF1A76426E0000C38C /* GLUTLPOLYGON */,
				9ED9D3DE1A76426E0000C38C /* Products */,
			);
			sourceTree = "<group>";
		};
		9ED9D3DE1A76426E0000C38C /* Products */ = {
			isa = PBXGroup;
			children = (
				9ED9D3DD1A76426E0000C38C /* GLUTLPOLYGON */,
			);
			name = Products;
			sourceTree = "<group>";
		};
		9ED9D3DF1A76426E0000C38C /* GLUTLPOLYGON */ = {
			isa = PBXGroup;
			children = (
				9ED9D3E01A76426E0000C38C /* main.cpp */,
			);
			path = GLUTLPOLYGON;
			sourceTree = "<group>";
		};
/* End PBXGroup section */

/* Begin PBXNativeTarget section */
		9ED9D3DC1A76426E0000C38C /* GLUTLPOLYGON */ = {
			isa = PBXNativeTarget;
			buildConfigurationList = 9ED9D3E41A76426E0000C38C /* Build configuration list for PBXNativeTarget "GLUTLPOLYGON" */;
			buildPhases = (
				9ED9D3D91A76426E0000C38C /* Sources */,
				9ED9D3DA1A76426E0000C38C /* Frameworks */,
				9ED9D3DB1A76426E0000C38C /* CopyFiles */,
			);
			buildRules = (
			);
			dependencies = (
			);
			name = GLUTLPOLYGON;
			productName = GLUTLPOLYGON;
			productReference = 9ED9D3DD1A76426E0000C38C /* GLUTLPOLYGON */;
			productType = "com.apple.product-type.tool";
		};
/* End PBXNativeTarget section */

/* Begin PBXProject section */
		9ED9D3D51A76426E0000C38C /* Project object */ = {
			isa = PBXProject;
			attributes = {
				LastUpgradeCheck = 0610;
				ORGANIZATIONNAME = "孫辰";
				TargetAttributes = {
					9ED9D3DC1A76426E0000C38C = {
						CreatedOnToolsVersion = 6.1.1;
					};
				};
			};
			buildConfigurationList = 9ED9D3D81A76426E0000C38C /* Build configuration list for PBXProject "GLUTLPOLYGON" */;
			compatibilityVersion = "Xcode 3.2";
			developmentRegion = English;
			hasScannedForEncodings = 0;
			knownRegions = (
				en,
			);
			mainGroup = 9ED9D3D41A76426E0000C38C;
			productRefGroup = 9ED9D3DE1A76426E0000C38C /* Products */;
			projectDirPath = "";
			projectRoot = "";
			targets = (
				9ED9D3DC1A76426E0000C38C /* GLUTLPOLYGON */,
			);
		};
/* End PBXProject section */

/* Begin PBXSourcesBuildPhase section */
		9ED9D3D91A76426E0000C38C /* Sources */ = {
			isa = PBXSourcesBuildPhase;
			buildActionMask = 2147483647;
			files = (
				9ED9D3E11A76426E0000C38C /* main.cpp in Sources */,
			);
			runOnlyForDeploymentPostprocessing = 0;
		};
/* End PBXSourcesBuildPhase section */

/* Begin XCBuildConfiguration section */
		9ED9D3E21A76426E0000C38C /* Debug */ = {
			isa = XCBuildConfiguration;
			buildSettings = {
				ALWAYS_SEARCH_USER_PATHS = NO;
				CLANG_CXX_LANGUAGE_STANDARD = "gnu++0x";
				CLANG_CXX_LIBRARY = "libc++";
				CLANG_ENABLE_MODULES = YES;
				CLANG_ENABLE_OBJC_ARC = YES;
				CLANG_WARN_BOOL_CONVERSION = YES;
				CLANG_WARN_CONSTANT_CONVERSION = YES;
				CLANG_WARN_DIRECT_OBJC_ISA_USAGE = YES_ERROR;
				CLANG_WARN_EMPTY_BODY = YES;
				CLANG_WARN_ENUM_CONVERSION = YES;
				CLANG_WARN_INT_CONVERSION = YES;
				CLANG_WARN_OBJC_ROOT_CLASS = YES_ERROR;
				CLANG_WARN_UNREACHABLE_CODE = YES;
				CLANG_WARN__DUPLICATE_METHOD_MATCH = YES;
				COPY_PHASE_STRIP = NO;
				ENABLE_STRICT_OBJC_MSGSEND = YES;
				GCC_C_LANGUAGE_STANDARD = gnu99;
				GCC_DYNAMIC_NO_PIC = NO;
				GCC_OPTIMIZATION_LEVEL = 0;
				GCC_PREPROCESSOR_DEFINITIONS = (
					"DEBUG=1",
					"$(inherited)",
				);
				GCC_SYMBOLS_PRIVATE_EXTERN = NO;
				GCC_WARN_64_TO_32_BIT_CONVERSION = YES;
				GCC_WARN_ABOUT_RETURN_TYPE = YES_ERROR;
				GCC_WARN_UNDECLARED_SELECTOR = YES;
				GCC_WARN_UNINITIALIZED_AUTOS = YES_AGGRESSIVE;
				GCC_WARN_UNUSED_FUNCTION = YES;
				GCC_WARN_UNUSED_VARIABLE = YES;
				MACOSX_DEPLOYMENT_TARGET = 10.10;
				MTL_ENABLE_DEBUG_INFO = YES;
				ONLY_ACTIVE_ARCH = YES;
				SDKROOT = macosx;
			};
			name = Debug;
		};
		9ED9D3E31A76426E0000C38C /* Release */ = {
			isa = XCBuildConfiguration;
			buildSettings = {
				ALWAYS_SEARCH_USER_PATHS = NO;
				CLANG_CXX_LANGUAGE_STANDARD = "gnu++0x";
				CLANG_CXX_LIBRARY = "libc++";
				CLANG_ENABLE_MODULES = YES;
				CLANG_ENABLE_OBJC_ARC = YES;
				CLANG_WARN_BOOL_CONVERSION = YES;
				CLANG_WARN_CONSTANT_CONVERSION = YES;
				CLANG_WARN_DIRECT_OBJC_ISA_USAGE = YES_ERROR;
				CLANG_WARN_EMPTY_BODY = YES;
				CLANG_WARN_ENUM_CONVERSION = YES;
				CLANG_WARN_INT_CONVERSION = YES;
				CLANG_WARN_OBJC_ROOT_CLASS = YES_ERROR;
				CLANG_WARN_UNREACHABLE_CODE = YES;
				CLANG_WARN__DUPLICATE_METHOD_MATCH = YES;
				COPY_PHASE_STRIP = YES;
				DEBUG_INFORMATION_FORMAT = "dwarf-with-dsym";
				ENABLE_NS_ASSERTIONS = NO;
				ENABLE_STRICT_OBJC_MSGSEND = YES;
				GCC_C_LANGUAGE_STANDARD = gnu99;
				GCC_WARN_64_TO_32_BIT_CONVERSION = YES;
				GCC_WARN_ABOUT_RETURN_TYPE = YES_ERROR;
				GCC_WARN_UNDECLARED_SELECTOR = YES;
				GCC_WARN_UNINITIALIZED_AUTOS = YES_AGGRESSIVE;
				GCC_WARN_UNUSED_FUNCTION = YES;
				GCC_WARN_UNUSED_VARIABLE = YES;
				MACOSX_DEPLOYMENT_TARGET = 10.10;
				MTL_ENABLE_DEBUG_INFO = NO;
				SDKROOT = macosx;
			};
			name = Release;
		};
		9ED9D3E51A76426E0000C38C /* Debug */ = {
			isa = XCBuildConfiguration;
			buildSettings = {
				MACOSX_DEPLOYMENT_TARGET = 10.8;
				PRODUCT_NAME = "$(TARGET_NAME)";
			};
			name = Debug;
		};
		9ED9D3E61A76426E0000C38C /* Release */ = {
			isa = XCBuildConfiguration;
			buildSettings = {
				MACOSX_DEPLOYMENT_TARGET = 10.8;
				PRODUCT_NAME = "$(TARGET_NAME)";
			};
			name = Release;
		};
/* End XCBuildConfiguration section */

/* Begin XCConfigurationList section */
		9ED9D3D81A76426E0000C38C /* Build configuration list for PBXProject "GLUTLPOLYGON" */ = {
			isa = XCConfigurationList;
			buildConfigurations = (
				9ED9D3E21A76426E0000C38C /* Debug */,
				9ED9D3E31A76426E0000C38C /* Release */,
			);
			defaultConfigurationIsVisible = 0;
			defaultConfigurationName = Release;
		};
		9ED9D3E41A76426E0000C38C /* Build configuration list for PBXNativeTarget "GLUTLPOLYGON" */ = {
			isa = XCConfigurationList;
			buildConfigurations = (
				9ED9D3E51A76426E0000C38C /* Debug */,
				9ED9D3E61A76426E0000C38C /* Release */,
			);
			defaultConfigurationIsVisible = 0;
		};
/* End XCConfigurationList section */
	};
	rootObject = 9ED9D3D51A76426E0000C38C /* Project object */;
}
